{
  "name": "@amekusa/util.js",
  "version": "1.2.0",
  "lockfileVersion": 3,
  "requires": true,
  "packages": {
    "": {
      "name": "@amekusa/util.js",
      "version": "1.2.0",
      "license": "MIT",
      "devDependencies": {
        "@amekusa/nodeutil": "^3.4.0"
      }
    },
    "node_modules/@amekusa/nodeutil": {
      "version": "3.4.0",
      "resolved": "https://registry.npmjs.org/@amekusa/nodeutil/-/nodeutil-3.4.0.tgz",
      "integrity": "sha512-CqiZM4GSg/zpCou5TdbpPoUiDnytwbJQDBp6+hTORYrHC0AB+Rr54BfNSaMhoi8ASzhMGC8qyzwM8ZOEQ5PxDA==",
      "dev": true,
      "license": "MIT"
    }
  }
}
